
Microsoft Visual Studio Solution File, Format Version 12.00
# Visual Studio Version 17
VisualStudioVersion = 17.9.34622.214
MinimumVisualStudioVersion = 10.0.40219.1
Project("{9A19103F-16F7-4668-BE54-9A1E7A4F7556}") = "BlazorApp7", "BlazorApp7\BlazorApp7\BlazorApp7.csproj", "{4F5DA5EC-0DBE-470B-B624-7C669123243F}"
EndProject
Project("{9A19103F-16F7-4668-BE54-9A1E7A4F7556}") = "BlazorApp7.Client", "BlazorApp7\BlazorApp7.Client\BlazorApp7.Client.csproj", "{89E13919-0B50-4FD7-B7FB-F83005A1E788}"
EndProject
Global
	GlobalSection(SolutionConfigurationPlatforms) = preSolution
		Debug|Any CPU = Debug|Any CPU
		Release|Any CPU = Release|Any CPU
	EndGlobalSection
	GlobalSection(ProjectConfigurationPlatforms) = postSolution
		{4F5DA5EC-0DBE-470B-B624-7C669123243F}.Debug|Any CPU.ActiveCfg = Debug|Any CPU
		{4F5DA5EC-0DBE-470B-B624-7C669123243F}.Debug|Any CPU.Build.0 = Debug|Any CPU
		{4F5DA5EC-0DBE-470B-B624-7C669123243F}.Release|Any CPU.ActiveCfg = Release|Any CPU
		{4F5DA5EC-0DBE-470B-B624-7C669123243F}.Release|Any CPU.Build.0 = Release|Any CPU
		{89E13919-0B50-4FD7-B7FB-F83005A1E788}.Debug|Any CPU.ActiveCfg = Debug|Any CPU
		{89E13919-0B50-4FD7-B7FB-F83005A1E788}.Debug|Any CPU.Build.0 = Debug|Any CPU
		{89E13919-0B50-4FD7-B7FB-F83005A1E788}.Release|Any CPU.ActiveCfg = Release|Any CPU
		{89E13919-0B50-4FD7-B7FB-F83005A1E788}.Release|Any CPU.Build.0 = Release|Any CPU
	EndGlobalSection
	GlobalSection(SolutionProperties) = preSolution
		HideSolutionNode = FALSE
	EndGlobalSection
	GlobalSection(ExtensibilityGlobals) = postSolution
		SolutionGuid = {B704E0E7-996D-4590-B385-19ACBD6A8A0E}
	EndGlobalSection
EndGlobal
